
Microsoft Visual Studio Solution File, Format Version 12.00
# Visual Studio Version 17
VisualStudioVersion = 17.5.33103.201
MinimumVisualStudioVersion = 10.0.40219.1
Project("{FAE04EC0-301F-11D3-BF4B-00C04F79EFBC}") = "ConsoleApp4", "ConsoleApp4\ConsoleApp4.csproj", "{FEC18571-9A8F-4852-BEC9-59914AB2688A}"
EndProject
Global
	GlobalSection(SolutionConfigurationPlatforms) = preSolution
		Debug|Any CPU = Debug|Any CPU
		Release|Any CPU = Release|Any CPU
	EndGlobalSection
	GlobalSection(ProjectConfigurationPlatforms) = postSolution
		{FEC18571-9A8F-4852-BEC9-59914AB2688A}.Debug|Any CPU.ActiveCfg = Debug|Any CPU
		{FEC18571-9A8F-4852-BEC9-59914AB2688A}.Debug|Any CPU.Build.0 = Debug|Any CPU
		{FEC18571-9A8F-4852-BEC9-59914AB2688A}.Release|Any CPU.ActiveCfg = Release|Any CPU
		{FEC18571-9A8F-4852-BEC9-59914AB2688A}.Release|Any CPU.Build.0 = Release|Any CPU
	EndGlobalSection
	GlobalSection(SolutionProperties) = preSolution
		HideSolutionNode = FALSE
	EndGlobalSection
	GlobalSection(ExtensibilityGlobals) = postSolution
		SolutionGuid = {BF003AE7-0E27-41CA-A92C-0FEC7E45B356}
	EndGlobalSection
EndGlobal
